{
  "version": 4,
  "terraform_version": "1.1.8",
  "serial": 874,
  "lineage": "5a3e8510-c0c2-b57e-ccb0-88794d87f0b9",
  "outputs": {
    "Load-balancer-DNS-name": {
      "value": "terraform-alb-hw36-614745832.us-east-1.elb.amazonaws.com",
      "type": "string"
    },
    "vpc-id": {
      "value": "vpc-0b063907086a015e6",
      "type": "string"
    }
  },
  "resources": [
    {
      "mode": "data",
      "type": "aws_availability_zones",
      "name": "available",
      "provider": "provider[\"registry.terraform.io/hashicorp/aws\"]",
      "instances": [
        {
          "schema_version": 0,
          "attributes": {
            "all_availability_zones": null,
            "exclude_names": null,
            "exclude_zone_ids": null,
            "filter": null,
            "group_names": [
              "us-east-1"
            ],
            "id": "us-east-1",
            "names": [
              "us-east-1a",
              "us-east-1b",
              "us-east-1c",
              "us-east-1d",
              "us-east-1e",
              "us-east-1f"
            ],
            "state": null,
            "zone_ids": [
              "use1-az2",
              "use1-az4",
              "use1-az6",
              "use1-az1",
              "use1-az3",
              "use1-az5"
            ]
          },
          "sensitive_attributes": []
        }
      ]
    },
    {
      "mode": "managed",
      "type": "aws_alb",
      "name": "alb-hw36",
      "provider": "provider[\"registry.terraform.io/hashicorp/aws\"]",
      "instances": [
        {
          "schema_version": 0,
          "attributes": {
            "access_logs": [
              {
                "bucket": "",
                "enabled": false,
                "prefix": ""
              }
            ],
            "arn": "arn:aws:elasticloadbalancing:us-east-1:273043149442:loadbalancer/app/terraform-alb-hw36/fcedecca439c1dc3",
            "arn_suffix": "app/terraform-alb-hw36/fcedecca439c1dc3",
            "customer_owned_ipv4_pool": "",
            "desync_mitigation_mode": "defensive",
            "dns_name": "terraform-alb-hw36-614745832.us-east-1.elb.amazonaws.com",
            "drop_invalid_header_fields": false,
            "enable_cross_zone_load_balancing": null,
            "enable_deletion_protection": false,
            "enable_http2": true,
            "enable_waf_fail_open": false,
            "id": "arn:aws:elasticloadbalancing:us-east-1:273043149442:loadbalancer/app/terraform-alb-hw36/fcedecca439c1dc3",
            "idle_timeout": 60,
            "internal": false,
            "ip_address_type": "ipv4",
            "load_balancer_type": "application",
            "name": "terraform-alb-hw36",
            "name_prefix": null,
            "security_groups": [
              "sg-0dc75ba828cd917ae"
            ],
            "subnet_mapping": [
              {
                "allocation_id": "",
                "ipv6_address": "",
                "outpost_id": "",
                "private_ipv4_address": "",
                "subnet_id": "subnet-036a4c2c31ade7c52"
              },
              {
                "allocation_id": "",
                "ipv6_address": "",
                "outpost_id": "",
                "private_ipv4_address": "",
                "subnet_id": "subnet-056c2248e69fa13e4"
              }
            ],
            "subnets": [
              "subnet-036a4c2c31ade7c52",
              "subnet-056c2248e69fa13e4"
            ],
            "tags": {
              "Name": "terraform-alb-hw36"
            },
            "tags_all": {
              "Name": "terraform-alb-hw36"
            },
            "timeouts": null,
            "vpc_id": "vpc-0b063907086a015e6",
            "zone_id": "Z35SXDOTRQ7X7K"
          },
          "sensitive_attributes": [],
          "private": "eyJlMmJmYjczMC1lY2FhLTExZTYtOGY4OC0zNDM2M2JjN2M0YzAiOnsiY3JlYXRlIjo2MDAwMDAwMDAwMDAsImRlbGV0ZSI6NjAwMDAwMDAwMDAwLCJ1cGRhdGUiOjYwMDAwMDAwMDAwMH19",
          "dependencies": [
            "aws_security_group.sg_hw36_for_alb_only",
            "aws_subnet.subnet-hw36",
            "aws_vpc.vpc-for-hw36",
            "data.aws_availability_zones.available"
          ]
        }
      ]
    },
    {
      "mode": "managed",
      "type": "aws_autoscaling_attachment",
      "name": "asg_attachment_hw36",
      "provider": "provider[\"registry.terraform.io/hashicorp/aws\"]",
      "instances": [
        {
          "schema_version": 0,
          "attributes": {
            "alb_target_group_arn": "arn:aws:elasticloadbalancing:us-east-1:273043149442:targetgroup/target-group-hw36/f00405dd6f41f86a",
            "autoscaling_group_name": "terraform-20220425150046202400000002",
            "elb": null,
            "id": "terraform-20220425150046202400000002-20220425150137219000000003"
          },
          "sensitive_attributes": [],
          "private": "bnVsbA==",
          "dependencies": [
            "aws_autoscaling_group.autoscaling-group-hw36",
            "aws_launch_template.hw36-launch-template",
            "aws_lb_target_group.traget-group-hw36",
            "aws_security_group.sg_hw36_alb",
            "aws_subnet.subnet-hw36",
            "aws_vpc.vpc-for-hw36",
            "data.aws_availability_zones.available"
          ]
        }
      ]
    },
    {
      "mode": "managed",
      "type": "aws_autoscaling_group",
      "name": "autoscaling-group-hw36",
      "provider": "provider[\"registry.terraform.io/hashicorp/aws\"]",
      "instances": [
        {
          "schema_version": 0,
          "attributes": {
            "arn": "arn:aws:autoscaling:us-east-1:273043149442:autoScalingGroup:68cec197-dcc3-46db-8604-8a5339ed5a31:autoScalingGroupName/terraform-20220425150046202400000002",
            "availability_zones": [
              "us-east-1a",
              "us-east-1b"
            ],
            "capacity_rebalance": false,
            "default_cooldown": 300,
            "desired_capacity": 2,
            "enabled_metrics": null,
            "force_delete": false,
            "force_delete_warm_pool": false,
            "health_check_grace_period": 300,
            "health_check_type": "EC2",
            "id": "terraform-20220425150046202400000002",
            "initial_lifecycle_hook": [],
            "instance_refresh": [],
            "launch_configuration": "",
            "launch_template": [
              {
                "id": "lt-060b0f3ae77fecca1",
                "name": "hw36-lt",
                "version": "$Latest"
              }
            ],
            "load_balancers": null,
            "max_instance_lifetime": 0,
            "max_size": 2,
            "metrics_granularity": "1Minute",
            "min_elb_capacity": null,
            "min_size": 2,
            "mixed_instances_policy": [],
            "name": "terraform-20220425150046202400000002",
            "name_prefix": "terraform-",
            "placement_group": "",
            "protect_from_scale_in": false,
            "service_linked_role_arn": "arn:aws:iam::273043149442:role/aws-service-role/autoscaling.amazonaws.com/AWSServiceRoleForAutoScaling",
            "suspended_processes": null,
            "tag": [
              {
                "key": "Name",
                "propagate_at_launch": true,
                "value": "autoscaling-group-hw36"
              }
            ],
            "tags": null,
            "target_group_arns": null,
            "termination_policies": null,
            "timeouts": null,
            "vpc_zone_identifier": [
              "subnet-036a4c2c31ade7c52",
              "subnet-056c2248e69fa13e4"
            ],
            "wait_for_capacity_timeout": "10m",
            "wait_for_elb_capacity": null,
            "warm_pool": []
          },
          "sensitive_attributes": [],
          "private": "eyJlMmJmYjczMC1lY2FhLTExZTYtOGY4OC0zNDM2M2JjN2M0YzAiOnsiZGVsZXRlIjo2MDAwMDAwMDAwMDB9fQ==",
          "dependencies": [
            "aws_launch_template.hw36-launch-template",
            "aws_security_group.sg_hw36_alb",
            "aws_subnet.subnet-hw36",
            "aws_vpc.vpc-for-hw36",
            "data.aws_availability_zones.available"
          ]
        }
      ]
    },
    {
      "mode": "managed",
      "type": "aws_internet_gateway",
      "name": "gateway-hw36",
      "provider": "provider[\"registry.terraform.io/hashicorp/aws\"]",
      "instances": [
        {
          "schema_version": 0,
          "attributes": {
            "arn": "arn:aws:ec2:us-east-1:273043149442:internet-gateway/igw-06228567a31d6576c",
            "id": "igw-06228567a31d6576c",
            "owner_id": "273043149442",
            "tags": {
              "Name": "gateway-hw36"
            },
            "tags_all": {
              "Name": "gateway-hw36"
            },
            "vpc_id": "vpc-0b063907086a015e6"
          },
          "sensitive_attributes": [],
          "private": "bnVsbA==",
          "dependencies": [
            "aws_vpc.vpc-for-hw36"
          ]
        }
      ]
    },
    {
      "mode": "managed",
      "type": "aws_launch_template",
      "name": "hw36-launch-template",
      "provider": "provider[\"registry.terraform.io/hashicorp/aws\"]",
      "instances": [
        {
          "schema_version": 0,
          "attributes": {
            "arn": "arn:aws:ec2:us-east-1:273043149442:launch-template/lt-060b0f3ae77fecca1",
            "block_device_mappings": [
              {
                "device_name": "/dev/sda1",
                "ebs": [
                  {
                    "delete_on_termination": "",
                    "encrypted": "",
                    "iops": 3000,
                    "kms_key_id": "",
                    "snapshot_id": "",
                    "throughput": 0,
                    "volume_size": 8,
                    "volume_type": "gp3"
                  }
                ],
                "no_device": "",
                "virtual_name": ""
              }
            ],
            "capacity_reservation_specification": [],
            "cpu_options": [],
            "credit_specification": [],
            "default_version": 1,
            "description": "",
            "disable_api_termination": false,
            "ebs_optimized": "",
            "elastic_gpu_specifications": [],
            "elastic_inference_accelerator": [],
            "enclave_options": [],
            "hibernation_options": [],
            "iam_instance_profile": [],
            "id": "lt-060b0f3ae77fecca1",
            "image_id": "ami-0e472ba40eb589f49",
            "instance_initiated_shutdown_behavior": "",
            "instance_market_options": [],
            "instance_type": "t2.micro",
            "kernel_id": "",
            "key_name": "mykeypairsergey",
            "latest_version": 1,
            "license_specification": [],
            "metadata_options": [],
            "monitoring": [],
            "name": "hw36-lt",
            "name_prefix": "",
            "network_interfaces": [
              {
                "associate_carrier_ip_address": "",
                "associate_public_ip_address": "true",
                "delete_on_termination": "",
                "description": "",
                "device_index": 0,
                "interface_type": "",
                "ipv4_address_count": 0,
                "ipv4_addresses": null,
                "ipv6_address_count": 0,
                "ipv6_addresses": null,
                "network_card_index": 0,
                "network_interface_id": "",
                "private_ip_address": "",
                "security_groups": [
                  "sg-044b9061cd9ba8621"
                ],
                "subnet_id": ""
              }
            ],
            "placement": [],
            "ram_disk_id": "",
            "security_group_names": null,
            "tag_specifications": [],
            "tags": {
              "Name": "hw36-lt"
            },
            "tags_all": {
              "Name": "hw36-lt"
            },
            "update_default_version": null,
            "user_data": "IyEvYmluL2Jhc2gKCnN1ZG8gYXB0IHVwZGF0ZSAmJiBzdWRvIGFwdCBpbnN0YWxsIC15IG5naW54ICYmIHN1ZG8gY2htb2QgNzc3IC92YXIvd3d3L2h0bWwvaW5kZXgubmdpbngtZGViaWFuLmh0bWwgJiYgXAplY2hvICI8IURPQ1RZUEUgaHRtbD4gXAo8aHRtbD5cCjxoZWFkPlwKPHRpdGxlPldlbGNvbWUgdG8gbmdpbnghPC90aXRsZT5cCjxzdHlsZT5cCiAgICBib2R5IHtcCiAgICAgICAgd2lkdGg6IDM1ZW07XAogICAgICAgIG1hcmdpbjogMCBhdXRvO1wKICAgICAgICBmb250LWZhbWlseTogVGFob21hLCBWZXJkYW5hLCBBcmlhbCwgc2Fucy1zZXJpZjtcCiAgICB9XAo8L3N0eWxlPlwKPC9oZWFkPlwKPGJvZHk+XAo8aDE+V2VsY29tZSB0byBuZ2lueCE8L2gxPlwKPGgxPlRoaXMgaXMgYSBtb2RpZmllZCBwYWdlIGZvciBob21ld29yayAzNiAhPC9oMT5cCjxwPklmIHlvdSBzZWUgdGhpcyBwYWdlLCB0aGUgbmdpbnggd2ViIHNlcnZlciBpcyBzdWNjZXNzZnVsbHkgaW5zdGFsbGVkIGFuZCBcCndvcmtpbmcuIEZ1cnRoZXIgY29uZmlndXJhdGlvbiBpcyByZXF1aXJlZC48L3A+XAo8cD5Gb3Igb25saW5lIGRvY3VtZW50YXRpb24gYW5kIHN1cHBvcnQgcGxlYXNlIHJlZmVyIHRvIFwKPGEgaHJlZj0iaHR0cDovL25naW54Lm9yZy8iPm5naW54Lm9yZzwvYT4uPGJyLz5cCkNvbW1lcmNpYWwgc3VwcG9ydCBpcyBhdmFpbGFibGUgYXQgXAo8YSBocmVmPSJodHRwOi8vbmdpbnguY29tLyI+bmdpbnguY29tPC9hPi48L3A+XAo8cD48ZW0+VGhhbmsgeW91IGZvciB1c2luZyBuZ2lueCE8L2VtPjwvcD5cCjwvYm9keT5cCjwvaHRtbD4iID4gL3Zhci93d3cvaHRtbC9pbmRleC5uZ2lueC1kZWJpYW4uaHRtbAoKCg==",
            "vpc_security_group_ids": null
          },
          "sensitive_attributes": [],
          "private": "bnVsbA==",
          "dependencies": [
            "aws_security_group.sg_hw36_alb",
            "aws_vpc.vpc-for-hw36"
          ],
          "create_before_destroy": true
        }
      ]
    },
    {
      "mode": "managed",
      "type": "aws_lb_listener",
      "name": "listener-hw36-port80",
      "provider": "provider[\"registry.terraform.io/hashicorp/aws\"]",
      "instances": [
        {
          "schema_version": 0,
          "attributes": {
            "alpn_policy": null,
            "arn": "arn:aws:elasticloadbalancing:us-east-1:273043149442:listener/app/terraform-alb-hw36/fcedecca439c1dc3/966e0793850e49e4",
            "certificate_arn": null,
            "default_action": [
              {
                "authenticate_cognito": [],
                "authenticate_oidc": [],
                "fixed_response": [],
                "forward": [],
                "order": 1,
                "redirect": [],
                "target_group_arn": "arn:aws:elasticloadbalancing:us-east-1:273043149442:targetgroup/target-group-hw36/f00405dd6f41f86a",
                "type": "forward"
              }
            ],
            "id": "arn:aws:elasticloadbalancing:us-east-1:273043149442:listener/app/terraform-alb-hw36/fcedecca439c1dc3/966e0793850e49e4",
            "load_balancer_arn": "arn:aws:elasticloadbalancing:us-east-1:273043149442:loadbalancer/app/terraform-alb-hw36/fcedecca439c1dc3",
            "port": 80,
            "protocol": "HTTP",
            "ssl_policy": "",
            "tags": null,
            "tags_all": {},
            "timeouts": null
          },
          "sensitive_attributes": [],
          "private": "eyJlMmJmYjczMC1lY2FhLTExZTYtOGY4OC0zNDM2M2JjN2M0YzAiOnsicmVhZCI6NjAwMDAwMDAwMDAwfX0=",
          "dependencies": [
            "aws_alb.alb-hw36",
            "aws_lb_target_group.traget-group-hw36",
            "aws_security_group.sg_hw36_for_alb_only",
            "aws_subnet.subnet-hw36",
            "aws_vpc.vpc-for-hw36",
            "data.aws_availability_zones.available"
          ]
        }
      ]
    },
    {
      "mode": "managed",
      "type": "aws_lb_target_group",
      "name": "traget-group-hw36",
      "provider": "provider[\"registry.terraform.io/hashicorp/aws\"]",
      "instances": [
        {
          "schema_version": 0,
          "attributes": {
            "arn": "arn:aws:elasticloadbalancing:us-east-1:273043149442:targetgroup/target-group-hw36/f00405dd6f41f86a",
            "arn_suffix": "targetgroup/target-group-hw36/f00405dd6f41f86a",
            "connection_termination": false,
            "deregistration_delay": "300",
            "health_check": [
              {
                "enabled": true,
                "healthy_threshold": 5,
                "interval": 30,
                "matcher": "200",
                "path": "/",
                "port": "traffic-port",
                "protocol": "HTTP",
                "timeout": 5,
                "unhealthy_threshold": 2
              }
            ],
            "id": "arn:aws:elasticloadbalancing:us-east-1:273043149442:targetgroup/target-group-hw36/f00405dd6f41f86a",
            "lambda_multi_value_headers_enabled": false,
            "load_balancing_algorithm_type": "round_robin",
            "name": "target-group-hw36",
            "name_prefix": null,
            "port": 80,
            "preserve_client_ip": null,
            "protocol": "HTTP",
            "protocol_version": "HTTP1",
            "proxy_protocol_v2": false,
            "slow_start": 0,
            "stickiness": [
              {
                "cookie_duration": 86400,
                "cookie_name": "",
                "enabled": false,
                "type": "lb_cookie"
              }
            ],
            "tags": null,
            "tags_all": {},
            "target_type": "instance",
            "vpc_id": "vpc-0b063907086a015e6"
          },
          "sensitive_attributes": [],
          "private": "bnVsbA==",
          "dependencies": [
            "aws_vpc.vpc-for-hw36"
          ]
        }
      ]
    },
    {
      "mode": "managed",
      "type": "aws_main_route_table_association",
      "name": "rote-table-association-hw36",
      "provider": "provider[\"registry.terraform.io/hashicorp/aws\"]",
      "instances": [
        {
          "schema_version": 0,
          "attributes": {
            "id": "rtbassoc-0c0b9e2d9fa4291fd",
            "original_route_table_id": "rtb-0b3639ec2990d7185",
            "route_table_id": "rtb-087cb127c43cc0c80",
            "vpc_id": "vpc-0b063907086a015e6"
          },
          "sensitive_attributes": [],
          "private": "bnVsbA==",
          "dependencies": [
            "aws_route_table.route-table-hw36",
            "aws_vpc.vpc-for-hw36"
          ]
        }
      ]
    },
    {
      "mode": "managed",
      "type": "aws_route",
      "name": "route-gateway-hw36",
      "provider": "provider[\"registry.terraform.io/hashicorp/aws\"]",
      "instances": [
        {
          "schema_version": 0,
          "attributes": {
            "carrier_gateway_id": "",
            "destination_cidr_block": "0.0.0.0/0",
            "destination_ipv6_cidr_block": "",
            "destination_prefix_list_id": "",
            "egress_only_gateway_id": "",
            "gateway_id": "igw-06228567a31d6576c",
            "id": "r-rtb-087cb127c43cc0c801080289494",
            "instance_id": "",
            "instance_owner_id": "",
            "local_gateway_id": "",
            "nat_gateway_id": "",
            "network_interface_id": "",
            "origin": "CreateRoute",
            "route_table_id": "rtb-087cb127c43cc0c80",
            "state": "active",
            "timeouts": null,
            "transit_gateway_id": "",
            "vpc_endpoint_id": "",
            "vpc_peering_connection_id": ""
          },
          "sensitive_attributes": [],
          "private": "eyJlMmJmYjczMC1lY2FhLTExZTYtOGY4OC0zNDM2M2JjN2M0YzAiOnsiY3JlYXRlIjozMDAwMDAwMDAwMDAsImRlbGV0ZSI6MzAwMDAwMDAwMDAwLCJ1cGRhdGUiOjEyMDAwMDAwMDAwMH19",
          "dependencies": [
            "aws_internet_gateway.gateway-hw36",
            "aws_route_table.route-table-hw36",
            "aws_vpc.vpc-for-hw36"
          ]
        }
      ]
    },
    {
      "mode": "managed",
      "type": "aws_route_table",
      "name": "route-table-hw36",
      "provider": "provider[\"registry.terraform.io/hashicorp/aws\"]",
      "instances": [
        {
          "schema_version": 0,
          "attributes": {
            "arn": "arn:aws:ec2:us-east-1:273043149442:route-table/rtb-087cb127c43cc0c80",
            "id": "rtb-087cb127c43cc0c80",
            "owner_id": "273043149442",
            "propagating_vgws": [],
            "route": [],
            "tags": {
              "Name": "route-table-hw36"
            },
            "tags_all": {
              "Name": "route-table-hw36"
            },
            "timeouts": null,
            "vpc_id": "vpc-0b063907086a015e6"
          },
          "sensitive_attributes": [],
          "private": "eyJlMmJmYjczMC1lY2FhLTExZTYtOGY4OC0zNDM2M2JjN2M0YzAiOnsiY3JlYXRlIjozMDAwMDAwMDAwMDAsImRlbGV0ZSI6MzAwMDAwMDAwMDAwLCJ1cGRhdGUiOjEyMDAwMDAwMDAwMH19",
          "dependencies": [
            "aws_vpc.vpc-for-hw36"
          ]
        }
      ]
    },
    {
      "mode": "managed",
      "type": "aws_security_group",
      "name": "sg_hw36_alb",
      "provider": "provider[\"registry.terraform.io/hashicorp/aws\"]",
      "instances": [
        {
          "schema_version": 1,
          "attributes": {
            "arn": "arn:aws:ec2:us-east-1:273043149442:security-group/sg-044b9061cd9ba8621",
            "description": "Traffic 80,22 and icmp only internal network",
            "egress": [
              {
                "cidr_blocks": [
                  "0.0.0.0/0"
                ],
                "description": "",
                "from_port": 0,
                "ipv6_cidr_blocks": [
                  "::/0"
                ],
                "prefix_list_ids": [],
                "protocol": "-1",
                "security_groups": [],
                "self": false,
                "to_port": 0
              }
            ],
            "id": "sg-044b9061cd9ba8621",
            "ingress": [
              {
                "cidr_blocks": [
                  "10.0.0.0/16"
                ],
                "description": "22",
                "from_port": 22,
                "ipv6_cidr_blocks": [],
                "prefix_list_ids": [],
                "protocol": "tcp",
                "security_groups": [],
                "self": false,
                "to_port": 22
              },
              {
                "cidr_blocks": [
                  "10.0.0.0/16"
                ],
                "description": "80",
                "from_port": 80,
                "ipv6_cidr_blocks": [],
                "prefix_list_ids": [],
                "protocol": "tcp",
                "security_groups": [],
                "self": false,
                "to_port": 80
              },
              {
                "cidr_blocks": [
                  "10.0.0.0/16"
                ],
                "description": "ICMP",
                "from_port": 0,
                "ipv6_cidr_blocks": [],
                "prefix_list_ids": [],
                "protocol": "icmp",
                "security_groups": [],
                "self": false,
                "to_port": 0
              }
            ],
            "name": "sg_hw36",
            "name_prefix": "",
            "owner_id": "273043149442",
            "revoke_rules_on_delete": false,
            "tags": {
              "Name": "terraform-hw36-alb-security-group"
            },
            "tags_all": {
              "Name": "terraform-hw36-alb-security-group"
            },
            "timeouts": null,
            "vpc_id": "vpc-0b063907086a015e6"
          },
          "sensitive_attributes": [],
          "private": "eyJlMmJmYjczMC1lY2FhLTExZTYtOGY4OC0zNDM2M2JjN2M0YzAiOnsiY3JlYXRlIjo2MDAwMDAwMDAwMDAsImRlbGV0ZSI6OTAwMDAwMDAwMDAwfSwic2NoZW1hX3ZlcnNpb24iOiIxIn0=",
          "dependencies": [
            "aws_vpc.vpc-for-hw36"
          ],
          "create_before_destroy": true
        }
      ]
    },
    {
      "mode": "managed",
      "type": "aws_security_group",
      "name": "sg_hw36_for_alb_only",
      "provider": "provider[\"registry.terraform.io/hashicorp/aws\"]",
      "instances": [
        {
          "schema_version": 1,
          "attributes": {
            "arn": "arn:aws:ec2:us-east-1:273043149442:security-group/sg-0dc75ba828cd917ae",
            "description": "Traffic 80 only",
            "egress": [
              {
                "cidr_blocks": [
                  "0.0.0.0/0"
                ],
                "description": "",
                "from_port": 0,
                "ipv6_cidr_blocks": [
                  "::/0"
                ],
                "prefix_list_ids": [],
                "protocol": "-1",
                "security_groups": [],
                "self": false,
                "to_port": 0
              }
            ],
            "id": "sg-0dc75ba828cd917ae",
            "ingress": [
              {
                "cidr_blocks": [
                  "0.0.0.0/0"
                ],
                "description": "80",
                "from_port": 80,
                "ipv6_cidr_blocks": [],
                "prefix_list_ids": [],
                "protocol": "tcp",
                "security_groups": [],
                "self": false,
                "to_port": 80
              }
            ],
            "name": "sg_hw36_alb_only",
            "name_prefix": "",
            "owner_id": "273043149442",
            "revoke_rules_on_delete": false,
            "tags": {
              "Name": "sg_hw36_for_alb_only"
            },
            "tags_all": {
              "Name": "sg_hw36_for_alb_only"
            },
            "timeouts": null,
            "vpc_id": "vpc-0b063907086a015e6"
          },
          "sensitive_attributes": [],
          "private": "eyJlMmJmYjczMC1lY2FhLTExZTYtOGY4OC0zNDM2M2JjN2M0YzAiOnsiY3JlYXRlIjo2MDAwMDAwMDAwMDAsImRlbGV0ZSI6OTAwMDAwMDAwMDAwfSwic2NoZW1hX3ZlcnNpb24iOiIxIn0=",
          "dependencies": [
            "aws_vpc.vpc-for-hw36"
          ]
        }
      ]
    },
    {
      "mode": "managed",
      "type": "aws_subnet",
      "name": "subnet-hw36",
      "provider": "provider[\"registry.terraform.io/hashicorp/aws\"]",
      "instances": [
        {
          "index_key": 0,
          "schema_version": 1,
          "attributes": {
            "arn": "arn:aws:ec2:us-east-1:273043149442:subnet/subnet-056c2248e69fa13e4",
            "assign_ipv6_address_on_creation": false,
            "availability_zone": "us-east-1a",
            "availability_zone_id": "use1-az2",
            "cidr_block": "10.0.1.0/24",
            "customer_owned_ipv4_pool": "",
            "enable_dns64": false,
            "enable_resource_name_dns_a_record_on_launch": false,
            "enable_resource_name_dns_aaaa_record_on_launch": false,
            "id": "subnet-056c2248e69fa13e4",
            "ipv6_cidr_block": "",
            "ipv6_cidr_block_association_id": "",
            "ipv6_native": false,
            "map_customer_owned_ip_on_launch": false,
            "map_public_ip_on_launch": false,
            "outpost_arn": "",
            "owner_id": "273043149442",
            "private_dns_hostname_type_on_launch": "ip-name",
            "tags": {
              "Name": "subnet-hw36"
            },
            "tags_all": {
              "Name": "subnet-hw36"
            },
            "timeouts": null,
            "vpc_id": "vpc-0b063907086a015e6"
          },
          "sensitive_attributes": [],
          "private": "eyJlMmJmYjczMC1lY2FhLTExZTYtOGY4OC0zNDM2M2JjN2M0YzAiOnsiY3JlYXRlIjo2MDAwMDAwMDAwMDAsImRlbGV0ZSI6MTIwMDAwMDAwMDAwMH0sInNjaGVtYV92ZXJzaW9uIjoiMSJ9",
          "dependencies": [
            "aws_vpc.vpc-for-hw36",
            "data.aws_availability_zones.available"
          ]
        },
        {
          "index_key": 1,
          "schema_version": 1,
          "attributes": {
            "arn": "arn:aws:ec2:us-east-1:273043149442:subnet/subnet-036a4c2c31ade7c52",
            "assign_ipv6_address_on_creation": false,
            "availability_zone": "us-east-1b",
            "availability_zone_id": "use1-az4",
            "cidr_block": "10.0.2.0/24",
            "customer_owned_ipv4_pool": "",
            "enable_dns64": false,
            "enable_resource_name_dns_a_record_on_launch": false,
            "enable_resource_name_dns_aaaa_record_on_launch": false,
            "id": "subnet-036a4c2c31ade7c52",
            "ipv6_cidr_block": "",
            "ipv6_cidr_block_association_id": "",
            "ipv6_native": false,
            "map_customer_owned_ip_on_launch": false,
            "map_public_ip_on_launch": false,
            "outpost_arn": "",
            "owner_id": "273043149442",
            "private_dns_hostname_type_on_launch": "ip-name",
            "tags": {
              "Name": "subnet-hw36"
            },
            "tags_all": {
              "Name": "subnet-hw36"
            },
            "timeouts": null,
            "vpc_id": "vpc-0b063907086a015e6"
          },
          "sensitive_attributes": [],
          "private": "eyJlMmJmYjczMC1lY2FhLTExZTYtOGY4OC0zNDM2M2JjN2M0YzAiOnsiY3JlYXRlIjo2MDAwMDAwMDAwMDAsImRlbGV0ZSI6MTIwMDAwMDAwMDAwMH0sInNjaGVtYV92ZXJzaW9uIjoiMSJ9",
          "dependencies": [
            "aws_vpc.vpc-for-hw36",
            "data.aws_availability_zones.available"
          ]
        }
      ]
    },
    {
      "mode": "managed",
      "type": "aws_vpc",
      "name": "vpc-for-hw36",
      "provider": "provider[\"registry.terraform.io/hashicorp/aws\"]",
      "instances": [
        {
          "schema_version": 1,
          "attributes": {
            "arn": "arn:aws:ec2:us-east-1:273043149442:vpc/vpc-0b063907086a015e6",
            "assign_generated_ipv6_cidr_block": false,
            "cidr_block": "10.0.0.0/16",
            "default_network_acl_id": "acl-09883f5d4bed0fe7d",
            "default_route_table_id": "rtb-0b3639ec2990d7185",
            "default_security_group_id": "sg-0e7111cc04232ba43",
            "dhcp_options_id": "dopt-036559779827f145d",
            "enable_classiclink": false,
            "enable_classiclink_dns_support": false,
            "enable_dns_hostnames": false,
            "enable_dns_support": true,
            "id": "vpc-0b063907086a015e6",
            "instance_tenancy": "default",
            "ipv4_ipam_pool_id": null,
            "ipv4_netmask_length": null,
            "ipv6_association_id": "",
            "ipv6_cidr_block": "",
            "ipv6_cidr_block_network_border_group": "",
            "ipv6_ipam_pool_id": "",
            "ipv6_netmask_length": 0,
            "main_route_table_id": "rtb-0b3639ec2990d7185",
            "owner_id": "273043149442",
            "tags": {
              "Name": "vpc-for-hw36"
            },
            "tags_all": {
              "Name": "vpc-for-hw36"
            }
          },
          "sensitive_attributes": [],
          "private": "eyJzY2hlbWFfdmVyc2lvbiI6IjEifQ==",
          "create_before_destroy": true
        }
      ]
    }
  ]
}
