{
  "version": 4,
  "terraform_version": "1.1.7",
  "serial": 32,
  "lineage": "623fc752-e233-40bd-28f1-cc02d7baddf0",
  "outputs": {
    "ec2instance": {
      "value": "18.208.170.144",
      "type": "string"
    }
  },
  "resources": [
    {
      "mode": "managed",
      "type": "aws_instance",
      "name": "nginx-hw35",
      "provider": "provider[\"registry.terraform.io/hashicorp/aws\"]",
      "instances": [
        {
          "schema_version": 1,
          "attributes": {
            "ami": "ami-04505e74c0741db8d",
            "arn": "arn:aws:ec2:us-east-1:273043149442:instance/i-08fd9aa333bc4e6ff",
            "associate_public_ip_address": true,
            "availability_zone": "us-east-1a",
            "capacity_reservation_specification": [
              {
                "capacity_reservation_preference": "open",
                "capacity_reservation_target": []
              }
            ],
            "cpu_core_count": 1,
            "cpu_threads_per_core": 1,
            "credit_specification": [
              {
                "cpu_credits": "standard"
              }
            ],
            "disable_api_termination": false,
            "ebs_block_device": [],
            "ebs_optimized": false,
            "enclave_options": [
              {
                "enabled": false
              }
            ],
            "ephemeral_block_device": [],
            "get_password_data": false,
            "hibernation": false,
            "host_id": null,
            "iam_instance_profile": "",
            "id": "i-08fd9aa333bc4e6ff",
            "instance_initiated_shutdown_behavior": "stop",
            "instance_state": "running",
            "instance_type": "t2.micro",
            "ipv6_address_count": 0,
            "ipv6_addresses": [],
            "key_name": "mykey",
            "launch_template": [],
            "metadata_options": [
              {
                "http_endpoint": "enabled",
                "http_put_response_hop_limit": 1,
                "http_tokens": "optional",
                "instance_metadata_tags": "disabled"
              }
            ],
            "monitoring": false,
            "network_interface": [],
            "outpost_arn": "",
            "password_data": "",
            "placement_group": "",
            "placement_partition_number": null,
            "primary_network_interface_id": "eni-042af5c7c3e9e1cab",
            "private_dns": "ip-172-31-91-126.ec2.internal",
            "private_ip": "172.31.91.126",
            "public_dns": "ec2-18-208-170-144.compute-1.amazonaws.com",
            "public_ip": "18.208.170.144",
            "root_block_device": [
              {
                "delete_on_termination": true,
                "device_name": "/dev/sda1",
                "encrypted": false,
                "iops": 100,
                "kms_key_id": "",
                "tags": {},
                "throughput": 0,
                "volume_id": "vol-02e2dae33488f4bed",
                "volume_size": 8,
                "volume_type": "gp2"
              }
            ],
            "secondary_private_ips": [],
            "security_groups": [
              "my-sg-hw35-p1"
            ],
            "source_dest_check": true,
            "subnet_id": "subnet-07db6bde24e8dbc34",
            "tags": {
              "Name": "nginx-hw35"
            },
            "tags_all": {
              "Name": "nginx-hw35"
            },
            "tenancy": "default",
            "timeouts": null,
            "user_data": "237c8f661d1d3dfeca2010af07d6c83e4cbe8e51",
            "user_data_base64": null,
            "volume_tags": null,
            "vpc_security_group_ids": [
              "sg-0ab767327578410d5"
            ]
          },
          "sensitive_attributes": [],
          "private": "eyJlMmJmYjczMC1lY2FhLTExZTYtOGY4OC0zNDM2M2JjN2M0YzAiOnsiY3JlYXRlIjo2MDAwMDAwMDAwMDAsImRlbGV0ZSI6MTIwMDAwMDAwMDAwMCwidXBkYXRlIjo2MDAwMDAwMDAwMDB9LCJzY2hlbWFfdmVyc2lvbiI6IjEifQ==",
          "dependencies": [
            "aws_key_pair.key",
            "aws_security_group.my-sg-hw35-p1"
          ]
        }
      ]
    },
    {
      "mode": "managed",
      "type": "aws_key_pair",
      "name": "key",
      "provider": "provider[\"registry.terraform.io/hashicorp/aws\"]",
      "instances": [
        {
          "schema_version": 1,
          "attributes": {
            "arn": "arn:aws:ec2:us-east-1:273043149442:key-pair/mykey",
            "fingerprint": "26:d4:0f:ca:5b:3a:38:dc:41:f6:e9:94:2f:ea:11:92",
            "id": "mykey",
            "key_name": "mykey",
            "key_name_prefix": "",
            "key_pair_id": "key-0354b4aeb6d7d8c6c",
            "public_key": "ssh-rsa AAAAB3NzaC1yc2EAAAADAQABAAACAQDZIuC+ARH+mzCpQVxRr4VDTqdNMZ1qftazKTT5lEtZzvebjEw1fktnn7o4jlHXHYt+ZnDcjtq0bDisTwAJI0NXSb0WTW0k+OgABeAFcU9HZA5h5G0kZBSWRW8o8uxr5qISHBDIAZTXT9w2ZvszpHh1Gd2edE9+hBjoiOXqzCstuhZv5FpVGQatBCbHXFBTkV9wrqaWFz+6uQXYt9mT5ApllKh2/yuDsC73YLRxbpY3zfcH1xPuUbDwMYdeOhUpYLrcfcoJ/9IYrMt8JHhqirD6hcazDrVqRBKUu+rgEMYFVNgReVhcFXVWegBbJfHbftoPCaq3Z2JwNoHr2ljhOJl8P/9GbR3dZmSBKL7TJ1M0hgu+UDjdoZrPQRnNpm3yLYkpBCIWcKZXvX0bIx9sDWCn3nHIssiM6YNXzaCLQuhjYx8c88tpTAB5pqqhvSxzt01idphs2H8RRShRB0xTRlSkRhdT1T0toE2lyXqeRw/3Whq2UCJ/Z/D+NJwBszW0fd4e7Nw40YQfHRH0F2Cp24jUmkagWgtqiNU/JjRnz7tXwG4l+57V+Bx8yx/AH0+eGgTdbqZ/zOzC53GpBSEB3pVVl1rrayENSbSrYkAO4ZL8qF23Hdy/NvriL+fRhobSF/pTeCvGo1RP5Gh12pC0OCpK9x5z+eAqStdbbJ7mL28ViQ== sergey@sergey-IdeaPad-5-15ARE05",
            "tags": {},
            "tags_all": {}
          },
          "sensitive_attributes": [],
          "private": "eyJzY2hlbWFfdmVyc2lvbiI6IjEifQ=="
        }
      ]
    },
    {
      "mode": "managed",
      "type": "aws_security_group",
      "name": "my-sg-hw35-p1",
      "provider": "provider[\"registry.terraform.io/hashicorp/aws\"]",
      "instances": [
        {
          "schema_version": 1,
          "attributes": {
            "arn": "arn:aws:ec2:us-east-1:273043149442:security-group/sg-0ab767327578410d5",
            "description": "Traffic 80 and 22",
            "egress": [
              {
                "cidr_blocks": [
                  "0.0.0.0/0"
                ],
                "description": "",
                "from_port": 0,
                "ipv6_cidr_blocks": [
                  "::/0"
                ],
                "prefix_list_ids": [],
                "protocol": "-1",
                "security_groups": [],
                "self": false,
                "to_port": 0
              }
            ],
            "id": "sg-0ab767327578410d5",
            "ingress": [
              {
                "cidr_blocks": [
                  "0.0.0.0/0"
                ],
                "description": "22",
                "from_port": 22,
                "ipv6_cidr_blocks": [],
                "prefix_list_ids": [],
                "protocol": "tcp",
                "security_groups": [],
                "self": false,
                "to_port": 22
              },
              {
                "cidr_blocks": [
                  "0.0.0.0/0"
                ],
                "description": "80",
                "from_port": 80,
                "ipv6_cidr_blocks": [],
                "prefix_list_ids": [],
                "protocol": "tcp",
                "security_groups": [],
                "self": false,
                "to_port": 80
              }
            ],
            "name": "my-sg-hw35-p1",
            "name_prefix": "",
            "owner_id": "273043149442",
            "revoke_rules_on_delete": false,
            "tags": {},
            "tags_all": {},
            "timeouts": null,
            "vpc_id": "vpc-0d0fa816b7af98f8b"
          },
          "sensitive_attributes": [],
          "private": "eyJlMmJmYjczMC1lY2FhLTExZTYtOGY4OC0zNDM2M2JjN2M0YzAiOnsiY3JlYXRlIjo2MDAwMDAwMDAwMDAsImRlbGV0ZSI6OTAwMDAwMDAwMDAwfSwic2NoZW1hX3ZlcnNpb24iOiIxIn0="
        }
      ]
    }
  ]
}
